schema: '2.0'
stages:
  create_pretraining_data:
    cmd: python src/create_pretraining_data.py --config=params.yaml
    deps:
    - path: src/create_pretraining_data.py
      hash: md5
      md5: 46854de467615cff9329b59e0761bbfa
      size: 704
    params:
      params.yaml:
        data.pretraining_parquet: data/raw/pretraining/train-00001-of-00002.parquet
        data.pretraining_txt: data/raw/pretraining/pretraining.txt
    outs:
    - path: data/raw/pretraining/pretraining.txt
      hash: md5
      md5: 2938ccdd6d68ddb37845a262020aa61f
      size: 270479474
  create_tokenizer:
    cmd: python src/create_tokenizer.py --config=params.yaml
    deps:
    - path: data/raw/pretraining/pretraining.txt
      hash: md5
      md5: 6f83785aa68dc81b75faa37aa0af1a85
      size: 679267164
    - path: src/create_tokenizer.py
      hash: md5
      md5: b55477e09d3aa16af6de159eb767d493
      size: 724
    params:
      params.yaml:
        data.pretraining_txt: data/raw/pretraining/pretraining.txt
        data.vocab_dir: data/tokenizer/spm_model
        hyperparameters.vocab_size: 15000
    outs:
    - path: data/tokenizer/spm_model.model
      hash: md5
      md5: 3b6f948eb6f3add479f6a8dd74fe1276
      size: 512172
  create_pretraining_split:
    cmd: python src/create_pretraining_split.py --config=params.yaml
    deps:
    - path: data/raw/pretraining/pretraining.txt
      hash: md5
      md5: 7e61cd1866876abffc3a068628e772a2
      size: 661651698
    - path: src/create_pretraining_split.py
      hash: md5
      md5: 61ab49704a62c0e821a88516c6012b7f
      size: 1233
    params:
      params.yaml:
        data.pretraining_train: data/raw/pretraining/pretraining_train.pkl
        data.pretraining_txt: data/raw/pretraining/pretraining.txt
        data.pretraining_val: data/raw/pretraining/pretraining_val.pkl
    outs:
    - path: data/raw/pretraining/pretraining_train.pkl
      hash: md5
      md5: d1c7aa6967917a5768967ce55f7cf919
      size: 277218805
    - path: data/raw/pretraining/pretraining_val.pkl
      hash: md5
      md5: 40dc3eb7918500f1c58d5484b679f46e
      size: 118806909
  training_pretraining:
    cmd: python src/training.py --config=params.yaml
    deps:
    - path: data/raw/pretraining/pretraining_train.pkl
      hash: md5
      md5: d1c7aa6967917a5768967ce55f7cf919
      size: 277218805
    - path: data/raw/pretraining/pretraining_val.pkl
      hash: md5
      md5: 40dc3eb7918500f1c58d5484b679f46e
      size: 118806909
    - path: src/training.py
      hash: md5
      md5: 6e0ea1cc9ff8d946f30b9162be0aa0d1
      size: 8018
    params:
      params.yaml:
        data.pretraining_train: data/raw/pretraining/pretraining_train.pkl
        data.pretraining_val: data/raw/pretraining/pretraining_val.pkl
        hyperparameters.batch_size: 256
        hyperparameters.block_size: 128
        hyperparameters.dropout: 0.2
        hyperparameters.eval_interval: 500
        hyperparameters.eval_iters: 50
        hyperparameters.learning_rate: 0.0002
        hyperparameters.max_iters: 2500
        hyperparameters.n_embd: 768
        hyperparameters.n_head: 12
        hyperparameters.n_layer: 12
        hyperparameters.vocab_size: 50260
        mlflow_pretraining.experiment_name: Pretraining
        mlflow_pretraining.registered_model_name: Pretrained GPT
        mlflow_pretraining.run_name: 1st
        mlflow_pretraining.server_uri: sqlite:///mlflow.db
    outs:
    - path: training_completion.txt
      hash: md5
      md5: 4d9e68984b63d4316d85c191df4efe8e
      size: 41
  log_pretraining_model:
    cmd: python src/log_pretraining_model.py --config=params.yaml
    deps:
    - path: src/log_pretraining_model.py
      hash: md5
      md5: 4b580361fdbe807c154f56f37b56aafe
      size: 1102
    - path: training_completion.txt
      hash: md5
      md5: 4d9e68984b63d4316d85c191df4efe8e
      size: 41
    params:
      params.yaml:
        mlflow_pretraining.experiment_name: Pretraining
        mlflow_pretraining.server_uri: sqlite:///mlflow.db
    outs:
    - path: saved_models/pretrained.pth
      hash: md5
      md5: 3e7693b9175e2f56111041a1beba14c0
      size: 495079898
  create_summary_data:
    cmd: python src/create_summary_data.py --config=params.yaml
    deps:
    - path: data/raw/summary/train.src.txt
      hash: md5
      md5: c5ec83e27d31f37ddc299f22c68126ca
      size: 695194407
    - path: data/raw/summary/train.tgt.txt
      hash: md5
      md5: 698a3c20b54e8fdb19acdc60c9b676ef
      size: 198500841
    - path: src/create_summary_data.py
      hash: md5
      md5: 49fcb1c04089c5331b4563d64ecad26e
      size: 3087
    params:
      params.yaml:
        data.summarization_full_txt: data/raw/summary/train.src.txt
        data.summarization_summary_txt: data/raw/summary/train.tgt.txt
        data.vocab_dir: data/tokenizer/spm_model
        hyperparameters.block_size: 128
    outs:
    - path: data/raw/summary/filtered.parquet
      hash: md5
      md5: 15a6d84883820916bcd399aea22e4c51
      size: 22115058
  create_summary_split:
    cmd: python src/create_summary_split.py --config=params.yaml
    deps:
    - path: data/raw/summary/filtered.parquet
      hash: md5
      md5: 15a6d84883820916bcd399aea22e4c51
      size: 22115058
    - path: src/create_summary_split.py
      hash: md5
      md5: 22d79c4ce2c2a0ea424dd4661f04974e
      size: 1603
    params:
      params.yaml:
        data.summarization_filtered_parquet: data/raw/summary/filtered.parquet
        data.train_full: data/raw/summary/train_full.pkl
        data.train_summary: data/raw/summary/train_summary.pkl
        data.val_full: data/raw/summary/val_full.pkl
        data.val_summary: data/raw/summary/val_summary.pkl
    outs:
    - path: data/raw/summary/train_full.pkl
      hash: md5
      md5: cf7043b7790ef8e66c371af05c8ea3bb
      size: 169143614
    - path: data/raw/summary/train_summary.pkl
      hash: md5
      md5: 29e00afef97771c099282b59508be1aa
      size: 169143614
    - path: data/raw/summary/val_full.pkl
      hash: md5
      md5: 5e13774ebe07267aeb03cb1f9d3e0e39
      size: 42285986
    - path: data/raw/summary/val_summary.pkl
      hash: md5
      md5: 2a873aea9dcf88c233ee63487b301729
      size: 42285986
  summary_training:
    cmd: python src/summary_training.py --config=params.yaml
    deps:
    - path: data/raw/summary/train_full.pkl
      hash: md5
      md5: 6fb580b1351c4d36e242454ac6d063c4
      size: 676574126
    - path: data/raw/summary/train_summary.pkl
      hash: md5
      md5: d70b8133dc934c6d4c52b4c4560d2232
      size: 676574126
    - path: data/raw/summary/val_full.pkl
      hash: md5
      md5: 74d40d254b003f37702ede7b78205aa2
      size: 169143614
    - path: data/raw/summary/val_summary.pkl
      hash: md5
      md5: 0b799b15c7eed3ad60304d88a549a34b
      size: 169143614
    - path: saved_models/pretrained.pth
      hash: md5
      md5: 3e7693b9175e2f56111041a1beba14c0
      size: 495079898
    - path: src/summary_training.py
      hash: md5
      md5: e7cc5a079489ad88b8d4fd24436cb6d2
      size: 9076
    - path: training_completion.txt
      hash: md5
      md5: 4d9e68984b63d4316d85c191df4efe8e
      size: 41
    params:
      params.yaml:
        data.train_full: data/raw/summary/train_full.pkl
        data.train_summary: data/raw/summary/train_summary.pkl
        data.val_full: data/raw/summary/val_full.pkl
        data.val_summary: data/raw/summary/val_summary.pkl
        hyperparameters.block_size: 128
        hyperparameters.eval_interval: 500
        hyperparameters.eval_iters: 50
        log_pretrained_model.model_dir: saved_models/pretrained.pth
        mlflow_summary.experiment_name: Summary
        mlflow_summary.registered_model_name: Summary GPT
        mlflow_summary.run_name: 1st
        mlflow_summary.server_uri: sqlite:///mlflow.db
        summary_hyperparameters.batch_size: 32
        summary_hyperparameters.learning_rate: 5e-05
        summary_hyperparameters.max_iters: 20000
    outs:
    - path: training_summary_completion.txt
      hash: md5
      md5: 37de536de9ffa66d1fbb5b4bca0f0f1e
      size: 41
  log_summary_model:
    cmd: python src/log_summary_model.py --config=params.yaml
    deps:
    - path: src/log_summary_model.py
      hash: md5
      md5: 263925412f6167fdcc88a9461eb50f60
      size: 1093
    - path: training_summary_completion.txt
      hash: md5
      md5: 37de536de9ffa66d1fbb5b4bca0f0f1e
      size: 41
    params:
      params.yaml:
        mlflow_summary.experiment_name: Summary
        mlflow_summary.server_uri: sqlite:///mlflow.db
    outs:
    - path: saved_models/summary.pth
      hash: md5
      md5: 969753da701acd92efae787710f8da2f
      size: 495079898
  clean_and_tokenize_pretraining_data:
    cmd: python src/clean_and_tokenize_pretraining_data.py --config=params.yaml
    deps:
    - path: data/raw/summary/train.src.txt
      hash: md5
      md5: c5ec83e27d31f37ddc299f22c68126ca
      size: 695194407
    - path: src/clean_and_tokenize_pretraining_data.py
      hash: md5
      md5: 6251e4049bb1699becf3333c3761c548
      size: 2021
    params:
      params.yaml:
        data.pretraining_pkl: data/raw/pretraining/pretraining.pkl
        data.summarization_full_txt: data/raw/summary/train.src.txt
    outs:
    - path: data/raw/pretraining/pretraining.pkl
      hash: md5
      md5: fbdb217247903a958418728422435485
      size: 361907073
  clean_pretraining_data:
    cmd: python src/clean_pretraining_data.py --config=params.yaml
    deps:
    - path: data/raw/summary/train.src.txt
      hash: md5
      md5: c5ec83e27d31f37ddc299f22c68126ca
      size: 695194407
    - path: src/clean_pretraining_data.py
      hash: md5
      md5: e93befc4bc1ea356725ff7c017c8b5d9
      size: 1833
    params:
      params.yaml:
        data.pretraining_txt: data/raw/pretraining/pretraining.txt
        data.summarization_full_txt: data/raw/summary/train.src.txt
    outs:
    - path: data/raw/pretraining/pretraining.txt
      hash: md5
      md5: 7e61cd1866876abffc3a068628e772a2
      size: 661651698
